
Microsoft Visual Studio Solution File, Format Version 12.00
# Visual Studio 15
VisualStudioVersion = 15.0.27428.2015
MinimumVisualStudioVersion = 10.0.40219.1
Project("{9A19103F-16F7-4668-BE54-9A1E7A4F7556}") = "ecommerce.Kernel", "ecommerce.Kernel\ecommerce.Kernel.csproj", "{26E65820-8D96-43C3-B548-F8821FDB2DFE}"
EndProject
Project("{9A19103F-16F7-4668-BE54-9A1E7A4F7556}") = "ecommerce.AWSServerless", "ecommerce.AWSServerless\ecommerce.AWSServerless.csproj", "{B4D4E837-6CFE-4ACA-9A02-0DE57CD7FE31}"
EndProject
Project("{9A19103F-16F7-4668-BE54-9A1E7A4F7556}") = "ecommerce.Console", "ecommerce.Console\ecommerce.Console.csproj", "{2AD2B447-8E3E-44CA-9BA5-975C7FA2C263}"
EndProject
Global
	GlobalSection(SolutionConfigurationPlatforms) = preSolution
		Debug|Any CPU = Debug|Any CPU
		Release|Any CPU = Release|Any CPU
	EndGlobalSection
	GlobalSection(ProjectConfigurationPlatforms) = postSolution
		{26E65820-8D96-43C3-B548-F8821FDB2DFE}.Debug|Any CPU.ActiveCfg = Debug|Any CPU
		{26E65820-8D96-43C3-B548-F8821FDB2DFE}.Debug|Any CPU.Build.0 = Debug|Any CPU
		{26E65820-8D96-43C3-B548-F8821FDB2DFE}.Release|Any CPU.ActiveCfg = Release|Any CPU
		{26E65820-8D96-43C3-B548-F8821FDB2DFE}.Release|Any CPU.Build.0 = Release|Any CPU
		{B4D4E837-6CFE-4ACA-9A02-0DE57CD7FE31}.Debug|Any CPU.ActiveCfg = Debug|Any CPU
		{B4D4E837-6CFE-4ACA-9A02-0DE57CD7FE31}.Debug|Any CPU.Build.0 = Debug|Any CPU
		{B4D4E837-6CFE-4ACA-9A02-0DE57CD7FE31}.Release|Any CPU.ActiveCfg = Release|Any CPU
		{B4D4E837-6CFE-4ACA-9A02-0DE57CD7FE31}.Release|Any CPU.Build.0 = Release|Any CPU
		{2AD2B447-8E3E-44CA-9BA5-975C7FA2C263}.Debug|Any CPU.ActiveCfg = Debug|Any CPU
		{2AD2B447-8E3E-44CA-9BA5-975C7FA2C263}.Debug|Any CPU.Build.0 = Debug|Any CPU
		{2AD2B447-8E3E-44CA-9BA5-975C7FA2C263}.Release|Any CPU.ActiveCfg = Release|Any CPU
		{2AD2B447-8E3E-44CA-9BA5-975C7FA2C263}.Release|Any CPU.Build.0 = Release|Any CPU
	EndGlobalSection
	GlobalSection(SolutionProperties) = preSolution
		HideSolutionNode = FALSE
	EndGlobalSection
	GlobalSection(ExtensibilityGlobals) = postSolution
		SolutionGuid = {B571B91C-7D94-47CB-A932-0C853AD34CF2}
	EndGlobalSection
EndGlobal
